// !$*UTF8*$!
{
	archiveVersion = 1;
	classes = {
	};
	objectVersion = 46;
	objects = {

/* Begin PBXBuildFile section */
		139C39541F66FEEC00A07229 /* AppDelegate.swift in Sources */ = {isa = PBXBuildFile; fileRef = 139C39531F66FEEC00A07229 /* AppDelegate.swift */; };
		139C39561F66FEEC00A07229 /* ViewController.swift in Sources */ = {isa = PBXBuildFile; fileRef = 139C39551F66FEEC00A07229 /* ViewController.swift */; };
		139C39591F66FEEC00A07229 /* Main.storyboard in Resources */ = {isa = PBXBuildFile; fileRef = 139C39571F66FEEC00A07229 /* Main.storyboard */; };
		139C395C1F66FEEC00A07229 /* DreamLister.xcdatamodeld in Sources */ = {isa = PBXBuildFile; fileRef = 139C395A1F66FEEC00A07229 /* DreamLister.xcdatamodeld */; };
		139C395E1F66FEEC00A07229 /* Assets.xcassets in Resources */ = {isa = PBXBuildFile; fileRef = 139C395D1F66FEEC00A07229 /* Assets.xcassets */; };
		139C39611F66FEEC00A07229 /* LaunchScreen.storyboard in Resources */ = {isa = PBXBuildFile; fileRef = 139C395F1F66FEEC00A07229 /* LaunchScreen.storyboard */; };
/* End PBXBuildFile section */

/* Begin PBXFileReference section */
		139C39501F66FEEC00A07229 /* DreamLister.app */ = {isa = PBXFileReference; explicitFileType = wrapper.application; includeInIndex = 0; path = DreamLister.app; sourceTree = BUILT_PRODUCTS_DIR; };
		139C39531F66FEEC00A07229 /* AppDelegate.swift */ = {isa = PBXFileReference; lastKnownFileType = sourcecode.swift; path = AppDelegate.swift; sourceTree = "<group>"; };
		139C39551F66FEEC00A07229 /* ViewController.swift */ = {isa = PBXFileReference; lastKnownFileType = sourcecode.swift; path = ViewController.swift; sourceTree = "<group>"; };
		139C39581F66FEEC00A07229 /* Base */ = {isa = PBXFileReference; lastKnownFileType = file.storyboard; name = Base; path = Base.lproj/Main.storyboard; sourceTree = "<group>"; };
		139C395B1F66FEEC00A07229 /* DreamLister.xcdatamodel */ = {isa = PBXFileReference; lastKnownFileType = wrapper.xcdatamodel; path = DreamLister.xcdatamodel; sourceTree = "<group>"; };
		139C395D1F66FEEC00A07229 /* Assets.xcassets */ = {isa = PBXFileReference; lastKnownFileType = folder.assetcatalog; path = Assets.xcassets; sourceTree = "<group>"; };
		139C39601F66FEEC00A07229 /* Base */ = {isa = PBXFileReference; lastKnownFileType = file.storyboard; name = Base; path = Base.lproj/LaunchScreen.storyboard; sourceTree = "<group>"; };
		139C39621F66FEEC00A07229 /* Info.plist */ = {isa = PBXFileReference; lastKnownFileType = text.plist.xml; path = Info.plist; sourceTree = "<group>"; };
/* End PBXFileReference section */

/* Begin PBXFrameworksBuildPhase section */
		139C394D1F66FEEC00A07229 /* Frameworks */ = {
			isa = PBXFrameworksBuildPhase;
			buildActionMask = 2147483647;
			files = (
			);
			runOnlyForDeploymentPostprocessing = 0;
		};
/* End PBXFrameworksBuildPhase section */

/* Begin PBXGroup section */
		139C39471F66FEEC00A07229 = {
			isa = PBXGroup;
			children = (
				139C39521F66FEEC00A07229 /* DreamLister */,
				139C39511F66FEEC00A07229 /* Products */,
			);
			sourceTree = "<group>";
		};
		139C39511F66FEEC00A07229 /* Products */ = {
			isa = PBXGroup;
			children = (
				139C39501F66FEEC00A07229 /* DreamLister.app */,
			);
			name = Products;
			sourceTree = "<group>";
		};
		139C39521F66FEEC00A07229 /* DreamLister */ = {
			isa = PBXGroup;
			children = (
				139C39531F66FEEC00A07229 /* AppDelegate.swift */,
				139C39551F66FEEC00A07229 /* ViewController.swift */,
				139C39571F66FEEC00A07229 /* Main.storyboard */,
				139C395D1F66FEEC00A07229 /* Assets.xcassets */,
				139C395F1F66FEEC00A07229 /* LaunchScreen.storyboard */,
				139C39621F66FEEC00A07229 /* Info.plist */,
				139C395A1F66FEEC00A07229 /* DreamLister.xcdatamodeld */,
			);
			path = DreamLister;
			sourceTree = "<group>";
		};
/* End PBXGroup section */

/* Begin PBXNativeTarget section */
		139C394F1F66FEEC00A07229 /* DreamLister */ = {
			isa = PBXNativeTarget;
			buildConfigurationList = 139C39651F66FEEC00A07229 /* Build configuration list for PBXNativeTarget "DreamLister" */;
			buildPhases = (
				139C394C1F66FEEC00A07229 /* Sources */,
				139C394D1F66FEEC00A07229 /* Frameworks */,
				139C394E1F66FEEC00A07229 /* Resources */,
			);
			buildRules = (
			);
			dependencies = (
			);
			name = DreamLister;
			productName = DreamLister;
			productReference = 139C39501F66FEEC00A07229 /* DreamLister.app */;
			productType = "com.apple.product-type.application";
		};
/* End PBXNativeTarget section */

/* Begin PBXProject section */
		139C39481F66FEEC00A07229 /* Project object */ = {
			isa = PBXProject;
			attributes = {
				LastSwiftUpdateCheck = 0830;
				LastUpgradeCheck = 0830;
				ORGANIZATIONNAME = "Raivis Olehno";
				TargetAttributes = {
					139C394F1F66FEEC00A07229 = {
						CreatedOnToolsVersion = 8.3.3;
						DevelopmentTeam = X7989Y4B8C;
						ProvisioningStyle = Automatic;
					};
				};
			};
			buildConfigurationList = 139C394B1F66FEEC00A07229 /* Build configuration list for PBXProject "DreamLister" */;
			compatibilityVersion = "Xcode 3.2";
			developmentRegion = English;
			hasScannedForEncodings = 0;
			knownRegions = (
				en,
				Base,
			);
			mainGroup = 139C39471F66FEEC00A07229;
			productRefGroup = 139C39511F66FEEC00A07229 /* Products */;
			projectDirPath = "";
			projectRoot = "";
			targets = (
				139C394F1F66FEEC00A07229 /* DreamLister */,
			);
		};
/* End PBXProject section */

/* Begin PBXResourcesBuildPhase section */
		139C394E1F66FEEC00A07229 /* Resources */ = {
			isa = PBXResourcesBuildPhase;
			buildActionMask = 2147483647;
			files = (
				139C39611F66FEEC00A07229 /* LaunchScreen.storyboard in Resources */,
				139C395E1F66FEEC00A07229 /* Assets.xcassets in Resources */,
				139C39591F66FEEC00A07229 /* Main.storyboard in Resources */,
			);
			runOnlyForDeploymentPostprocessing = 0;
		};
/* End PBXResourcesBuildPhase section */

/* Begin PBXSourcesBuildPhase section */
		139C394C1F66FEEC00A07229 /* Sources */ = {
			isa = PBXSourcesBuildPhase;
			buildActionMask = 2147483647;
			files = (
				139C39561F66FEEC00A07229 /* ViewController.swift in Sources */,
				139C39541F66FEEC00A07229 /* AppDelegate.swift in Sources */,
				139C395C1F66FEEC00A07229 /* DreamLister.xcdatamodeld in Sources */,
			);
			runOnlyForDeploymentPostprocessing = 0;
		};
/* End PBXSourcesBuildPhase section */

/* Begin PBXVariantGroup section */
		139C39571F66FEEC00A07229 /* Main.storyboard */ = {
			isa = PBXVariantGroup;
			children = (
				139C39581F66FEEC00A07229 /* Base */,
			);
			name = Main.storyboard;
			sourceTree = "<group>";
		};
		139C395F1F66FEEC00A07229 /* LaunchScreen.storyboard */ = {
			isa = PBXVariantGroup;
			children = (
				139C39601F66FEEC00A07229 /* Base */,
			);
			name = LaunchScreen.storyboard;
			sourceTree = "<group>";
		};
/* End PBXVariantGroup section */

/* Begin XCBuildConfiguration section */
		139C39631F66FEEC00A07229 /* Debug */ = {
			isa = XCBuildConfiguration;
			buildSettings = {
				ALWAYS_SEARCH_USER_PATHS = NO;
				CLANG_ANALYZER_NONNULL = YES;
				CLANG_ANALYZER_NUMBER_OBJECT_CONVERSION = YES_AGGRESSIVE;
				CLANG_CXX_LANGUAGE_STANDARD = "gnu++0x";
				CLANG_CXX_LIBRARY = "libc++";
				CLANG_ENABLE_MODULES = YES;
				CLANG_ENABLE_OBJC_ARC = YES;
				CLANG_WARN_BOOL_CONVERSION = YES;
				CLANG_WARN_CONSTANT_CONVERSION = YES;
				CLANG_WARN_DIRECT_OBJC_ISA_USAGE = YES_ERROR;
				CLANG_WARN_DOCUMENTATION_COMMENTS = YES;
				CLANG_WARN_EMPTY_BODY = YES;
				CLANG_WARN_ENUM_CONVERSION = YES;
				CLANG_WARN_INFINITE_RECURSION = YES;
				CLANG_WARN_INT_CONVERSION = YES;
				CLANG_WARN_OBJC_ROOT_CLASS = YES_ERROR;
				CLANG_WARN_SUSPICIOUS_MOVE = YES;
				CLANG_WARN_UNREACHABLE_CODE = YES;
				CLANG_WARN__DUPLICATE_METHOD_MATCH = YES;
				"CODE_SIGN_IDENTITY[sdk=iphoneos*]" = "iPhone Developer";
				COPY_PHASE_STRIP = NO;
				DEBUG_INFORMATION_FORMAT = dwarf;
				ENABLE_STRICT_OBJC_MSGSEND = YES;
				ENABLE_TESTABILITY = YES;
				GCC_C_LANGUAGE_STANDARD = gnu99;
				GCC_DYNAMIC_NO_PIC = NO;
				GCC_NO_COMMON_BLOCKS = YES;
				GCC_OPTIMIZATION_LEVEL = 0;
				GCC_PREPROCESSOR_DEFINITIONS = (
					"DEBUG=1",
					"$(inherited)",
				);
				GCC_WARN_64_TO_32_BIT_CONVERSION = YES;
				GCC_WARN_ABOUT_RETURN_TYPE = YES_ERROR;
				GCC_WARN_UNDECLARED_SELECTOR = YES;
				GCC_WARN_UNINITIALIZED_AUTOS = YES_AGGRESSIVE;
				GCC_WARN_UNUSED_FUNCTION = YES;
				GCC_WARN_UNUSED_VARIABLE = YES;
				IPHONEOS_DEPLOYMENT_TARGET = 10.3;
				MTL_ENABLE_DEBUG_INFO = YES;
				ONLY_ACTIVE_ARCH = YES;
				SDKROOT = iphoneos;
				SWIFT_ACTIVE_COMPILATION_CONDITIONS = DEBUG;
				SWIFT_OPTIMIZATION_LEVEL = "-Onone";
			};
			name = Debug;
		};
		139C39641F66FEEC00A07229 /* Release */ = {
			isa = XCBuildConfiguration;
			buildSettings = {
				ALWAYS_SEARCH_USER_PATHS = NO;
				CLANG_ANALYZER_NONNULL = YES;
				CLANG_ANALYZER_NUMBER_OBJECT_CONVERSION = YES_AGGRESSIVE;
				CLANG_CXX_LANGUAGE_STANDARD = "gnu++0x";
				CLANG_CXX_LIBRARY = "libc++";
				CLANG_ENABLE_MODULES = YES;
				CLANG_ENABLE_OBJC_ARC = YES;
				CLANG_WARN_BOOL_CONVERSION = YES;
				CLANG_WARN_CONSTANT_CONVERSION = YES;
				CLANG_WARN_DIRECT_OBJC_ISA_USAGE = YES_ERROR;
				CLANG_WARN_DOCUMENTATION_COMMENTS = YES;
				CLANG_WARN_EMPTY_BODY = YES;
				CLANG_WARN_ENUM_CONVERSION = YES;
				CLANG_WARN_INFINITE_RECURSION = YES;
				CLANG_WARN_INT_CONVERSION = YES;
				CLANG_WARN_OBJC_ROOT_CLASS = YES_ERROR;
				CLANG_WARN_SUSPICIOUS_MOVE = YES;
				CLANG_WARN_UNREACHABLE_CODE = YES;
				CLANG_WARN__DUPLICATE_METHOD_MATCH = YES;
				"CODE_SIGN_IDENTITY[sdk=iphoneos*]" = "iPhone Developer";
				COPY_PHASE_STRIP = NO;
				DEBUG_INFORMATION_FORMAT = "dwarf-with-dsym";
				ENABLE_NS_ASSERTIONS = NO;
				ENABLE_STRICT_OBJC_MSGSEND = YES;
				GCC_C_LANGUAGE_STANDARD = gnu99;
				GCC_NO_COMMON_BLOCKS = YES;
				GCC_WARN_64_TO_32_BIT_CONVERSION = YES;
				GCC_WARN_ABOUT_RETURN_TYPE = YES_ERROR;
				GCC_WARN_UNDECLARED_SELECTOR = YES;
				GCC_WARN_UNINITIALIZED_AUTOS = YES_AGGRESSIVE;
				GCC_WARN_UNUSED_FUNCTION = YES;
				GCC_WARN_UNUSED_VARIABLE = YES;
				IPHONEOS_DEPLOYMENT_TARGET = 10.3;
				MTL_ENABLE_DEBUG_INFO = NO;
				SDKROOT = iphoneos;
				SWIFT_OPTIMIZATION_LEVEL = "-Owholemodule";
				VALIDATE_PRODUCT = YES;
			};
			name = Release;
		};
		139C39661F66FEEC00A07229 /* Debug */ = {
			isa = XCBuildConfiguration;
			buildSettings = {
				ASSETCATALOG_COMPILER_APPICON_NAME = AppIcon;
				DEVELOPMENT_TEAM = X7989Y4B8C;
				INFOPLIST_FILE = DreamLister/Info.plist;
				LD_RUNPATH_SEARCH_PATHS = "$(inherited) @executable_path/Frameworks";
				PRODUCT_BUNDLE_IDENTIFIER = com.raivisolehno.DreamLister;
				PRODUCT_NAME = "$(TARGET_NAME)";
				SWIFT_VERSION = 3.0;
			};
			name = Debug;
		};
		139C39671F66FEEC00A07229 /* Release */ = {
			isa = XCBuildConfiguration;
			buildSettings = {
				ASSETCATALOG_COMPILER_APPICON_NAME = AppIcon;
				DEVELOPMENT_TEAM = X7989Y4B8C;
				INFOPLIST_FILE = DreamLister/Info.plist;
				LD_RUNPATH_SEARCH_PATHS = "$(inherited) @executable_path/Frameworks";
				PRODUCT_BUNDLE_IDENTIFIER = com.raivisolehno.DreamLister;
				PRODUCT_NAME = "$(TARGET_NAME)";
				SWIFT_VERSION = 3.0;
			};
			name = Release;
		};
/* End XCBuildConfiguration section */

/* Begin XCConfigurationList section */
		139C394B1F66FEEC00A07229 /* Build configuration list for PBXProject "DreamLister" */ = {
			isa = XCConfigurationList;
			buildConfigurations = (
				139C39631F66FEEC00A07229 /* Debug */,
				139C39641F66FEEC00A07229 /* Release */,
			);
			defaultConfigurationIsVisible = 0;
			defaultConfigurationName = Release;
		};
		139C39651F66FEEC00A07229 /* Build configuration list for PBXNativeTarget "DreamLister" */ = {
			isa = XCConfigurationList;
			buildConfigurations = (
				139C39661F66FEEC00A07229 /* Debug */,
				139C39671F66FEEC00A07229 /* Release */,
			);
			defaultConfigurationIsVisible = 0;
		};
/* End XCConfigurationList section */

/* Begin XCVersionGroup section */
		139C395A1F66FEEC00A07229 /* DreamLister.xcdatamodeld */ = {
			isa = XCVersionGroup;
			children = (
				139C395B1F66FEEC00A07229 /* DreamLister.xcdatamodel */,
			);
			currentVersion = 139C395B1F66FEEC00A07229 /* DreamLister.xcdatamodel */;
			path = DreamLister.xcdatamodeld;
			sourceTree = "<group>";
			versionGroupType = wrapper.xcdatamodel;
		};
/* End XCVersionGroup section */
	};
	rootObject = 139C39481F66FEEC00A07229 /* Project object */;
}
