// !$*UTF8*$!
{
	archiveVersion = 1;
	classes = {
	};
	objectVersion = 46;
	objects = {

/* Begin PBXBuildFile section */
		130962EC1F605F3900E5670F /* PokeCell.swift in Sources */ = {isa = PBXBuildFile; fileRef = 130962EB1F605F3900E5670F /* PokeCell.swift */; };
		130962EE1F60671200E5670F /* csv.swift in Sources */ = {isa = PBXBuildFile; fileRef = 130962ED1F60671200E5670F /* csv.swift */; };
		130962F61F606E7900E5670F /* pokemon.ttf in Resources */ = {isa = PBXBuildFile; fileRef = 130962F51F606E7900E5670F /* pokemon.ttf */; };
		130962F71F606E9D00E5670F /* Info.plist in Resources */ = {isa = PBXBuildFile; fileRef = 134A25CB1F604D0600C244B7 /* Info.plist */; };
		134A25C01F604D0600C244B7 /* AppDelegate.swift in Sources */ = {isa = PBXBuildFile; fileRef = 134A25BF1F604D0600C244B7 /* AppDelegate.swift */; };
		134A25C21F604D0600C244B7 /* ViewController.swift in Sources */ = {isa = PBXBuildFile; fileRef = 134A25C11F604D0600C244B7 /* ViewController.swift */; };
		134A25C51F604D0600C244B7 /* Main.storyboard in Resources */ = {isa = PBXBuildFile; fileRef = 134A25C31F604D0600C244B7 /* Main.storyboard */; };
		134A25C71F604D0600C244B7 /* Assets.xcassets in Resources */ = {isa = PBXBuildFile; fileRef = 134A25C61F604D0600C244B7 /* Assets.xcassets */; };
		134A25CA1F604D0600C244B7 /* LaunchScreen.storyboard in Resources */ = {isa = PBXBuildFile; fileRef = 134A25C81F604D0600C244B7 /* LaunchScreen.storyboard */; };
		1364FD5D1F606F990072B3A6 /* music.mp3 in Resources */ = {isa = PBXBuildFile; fileRef = 1364FD5B1F606F990072B3A6 /* music.mp3 */; };
		1364FD5E1F606F990072B3A6 /* music.png in Resources */ = {isa = PBXBuildFile; fileRef = 1364FD5C1F606F990072B3A6 /* music.png */; };
		139F4E181F6051F300E302B2 /* pokemon.csv in Resources */ = {isa = PBXBuildFile; fileRef = 139F4E171F6051F300E302B2 /* pokemon.csv */; };
		139F4E1D1F60534100E302B2 /* Pokemon.swift in Sources */ = {isa = PBXBuildFile; fileRef = 139F4E1C1F60534100E302B2 /* Pokemon.swift */; };
/* End PBXBuildFile section */

/* Begin PBXFileReference section */
		130962EB1F605F3900E5670F /* PokeCell.swift */ = {isa = PBXFileReference; fileEncoding = 4; lastKnownFileType = sourcecode.swift; path = PokeCell.swift; sourceTree = "<group>"; };
		130962ED1F60671200E5670F /* csv.swift */ = {isa = PBXFileReference; fileEncoding = 4; lastKnownFileType = sourcecode.swift; path = csv.swift; sourceTree = "<group>"; };
		130962F51F606E7900E5670F /* pokemon.ttf */ = {isa = PBXFileReference; lastKnownFileType = file; path = pokemon.ttf; sourceTree = "<group>"; };
		134A25BC1F604D0600C244B7 /* pokedex3.app */ = {isa = PBXFileReference; explicitFileType = wrapper.application; includeInIndex = 0; path = pokedex3.app; sourceTree = BUILT_PRODUCTS_DIR; };
		134A25BF1F604D0600C244B7 /* AppDelegate.swift */ = {isa = PBXFileReference; lastKnownFileType = sourcecode.swift; path = AppDelegate.swift; sourceTree = "<group>"; };
		134A25C11F604D0600C244B7 /* ViewController.swift */ = {isa = PBXFileReference; lastKnownFileType = sourcecode.swift; path = ViewController.swift; sourceTree = "<group>"; };
		134A25C41F604D0600C244B7 /* Base */ = {isa = PBXFileReference; lastKnownFileType = file.storyboard; name = Base; path = Base.lproj/Main.storyboard; sourceTree = "<group>"; };
		134A25C61F604D0600C244B7 /* Assets.xcassets */ = {isa = PBXFileReference; lastKnownFileType = folder.assetcatalog; path = Assets.xcassets; sourceTree = "<group>"; };
		134A25C91F604D0600C244B7 /* Base */ = {isa = PBXFileReference; lastKnownFileType = file.storyboard; name = Base; path = Base.lproj/LaunchScreen.storyboard; sourceTree = "<group>"; };
		134A25CB1F604D0600C244B7 /* Info.plist */ = {isa = PBXFileReference; lastKnownFileType = text.plist.xml; path = Info.plist; sourceTree = "<group>"; };
		1364FD5B1F606F990072B3A6 /* music.mp3 */ = {isa = PBXFileReference; lastKnownFileType = audio.mp3; path = music.mp3; sourceTree = "<group>"; };
		1364FD5C1F606F990072B3A6 /* music.png */ = {isa = PBXFileReference; lastKnownFileType = image.png; path = music.png; sourceTree = "<group>"; };
		139F4E171F6051F300E302B2 /* pokemon.csv */ = {isa = PBXFileReference; fileEncoding = 4; lastKnownFileType = text; path = pokemon.csv; sourceTree = "<group>"; };
		139F4E1C1F60534100E302B2 /* Pokemon.swift */ = {isa = PBXFileReference; fileEncoding = 4; lastKnownFileType = sourcecode.swift; path = Pokemon.swift; sourceTree = "<group>"; };
/* End PBXFileReference section */

/* Begin PBXFrameworksBuildPhase section */
		134A25B91F604D0600C244B7 /* Frameworks */ = {
			isa = PBXFrameworksBuildPhase;
			buildActionMask = 2147483647;
			files = (
			);
			runOnlyForDeploymentPostprocessing = 0;
		};
/* End PBXFrameworksBuildPhase section */

/* Begin PBXGroup section */
		130962F31F606D0E00E5670F /* Resources */ = {
			isa = PBXGroup;
			children = (
				1364FD5B1F606F990072B3A6 /* music.mp3 */,
				1364FD5C1F606F990072B3A6 /* music.png */,
				130962F51F606E7900E5670F /* pokemon.ttf */,
				139F4E171F6051F300E302B2 /* pokemon.csv */,
			);
			name = Resources;
			sourceTree = "<group>";
		};
		130962F41F606D2300E5670F /* Util */ = {
			isa = PBXGroup;
			children = (
				130962ED1F60671200E5670F /* csv.swift */,
			);
			name = Util;
			sourceTree = "<group>";
		};
		134A25B31F604D0600C244B7 = {
			isa = PBXGroup;
			children = (
				134A25BE1F604D0600C244B7 /* pokedex3 */,
				134A25BD1F604D0600C244B7 /* Products */,
			);
			sourceTree = "<group>";
		};
		134A25BD1F604D0600C244B7 /* Products */ = {
			isa = PBXGroup;
			children = (
				134A25BC1F604D0600C244B7 /* pokedex3.app */,
			);
			name = Products;
			sourceTree = "<group>";
		};
		134A25BE1F604D0600C244B7 /* pokedex3 */ = {
			isa = PBXGroup;
			children = (
				139F4E191F6052FF00E302B2 /* Model */,
				130962F41F606D2300E5670F /* Util */,
				130962F31F606D0E00E5670F /* Resources */,
				134A25BF1F604D0600C244B7 /* AppDelegate.swift */,
				134A25C61F604D0600C244B7 /* Assets.xcassets */,
				134A25C81F604D0600C244B7 /* LaunchScreen.storyboard */,
				134A25CB1F604D0600C244B7 /* Info.plist */,
			);
			path = pokedex3;
			sourceTree = "<group>";
		};
		139F4E191F6052FF00E302B2 /* Model */ = {
			isa = PBXGroup;
			children = (
				139F4E1C1F60534100E302B2 /* Pokemon.swift */,
				139F4E1A1F60530D00E302B2 /* View */,
				139F4E1B1F60531700E302B2 /* Controller */,
			);
			name = Model;
			sourceTree = "<group>";
		};
		139F4E1A1F60530D00E302B2 /* View */ = {
			isa = PBXGroup;
			children = (
				134A25C31F604D0600C244B7 /* Main.storyboard */,
				130962EB1F605F3900E5670F /* PokeCell.swift */,
			);
			name = View;
			sourceTree = "<group>";
		};
		139F4E1B1F60531700E302B2 /* Controller */ = {
			isa = PBXGroup;
			children = (
				134A25C11F604D0600C244B7 /* ViewController.swift */,
			);
			name = Controller;
			sourceTree = "<group>";
		};
/* End PBXGroup section */

/* Begin PBXNativeTarget section */
		134A25BB1F604D0600C244B7 /* pokedex3 */ = {
			isa = PBXNativeTarget;
			buildConfigurationList = 134A25CE1F604D0600C244B7 /* Build configuration list for PBXNativeTarget "pokedex3" */;
			buildPhases = (
				134A25B81F604D0600C244B7 /* Sources */,
				134A25B91F604D0600C244B7 /* Frameworks */,
				134A25BA1F604D0600C244B7 /* Resources */,
			);
			buildRules = (
			);
			dependencies = (
			);
			name = pokedex3;
			productName = pokedex3;
			productReference = 134A25BC1F604D0600C244B7 /* pokedex3.app */;
			productType = "com.apple.product-type.application";
		};
/* End PBXNativeTarget section */

/* Begin PBXProject section */
		134A25B41F604D0600C244B7 /* Project object */ = {
			isa = PBXProject;
			attributes = {
				LastSwiftUpdateCheck = 0830;
				LastUpgradeCheck = 0830;
				ORGANIZATIONNAME = "Raivis Olehno";
				TargetAttributes = {
					134A25BB1F604D0600C244B7 = {
						CreatedOnToolsVersion = 8.3.3;
						DevelopmentTeam = X7989Y4B8C;
						LastSwiftMigration = 0830;
						ProvisioningStyle = Automatic;
					};
				};
			};
			buildConfigurationList = 134A25B71F604D0600C244B7 /* Build configuration list for PBXProject "pokedex3" */;
			compatibilityVersion = "Xcode 3.2";
			developmentRegion = English;
			hasScannedForEncodings = 0;
			knownRegions = (
				en,
				Base,
			);
			mainGroup = 134A25B31F604D0600C244B7;
			productRefGroup = 134A25BD1F604D0600C244B7 /* Products */;
			projectDirPath = "";
			projectRoot = "";
			targets = (
				134A25BB1F604D0600C244B7 /* pokedex3 */,
			);
		};
/* End PBXProject section */

/* Begin PBXResourcesBuildPhase section */
		134A25BA1F604D0600C244B7 /* Resources */ = {
			isa = PBXResourcesBuildPhase;
			buildActionMask = 2147483647;
			files = (
				130962F61F606E7900E5670F /* pokemon.ttf in Resources */,
				134A25CA1F604D0600C244B7 /* LaunchScreen.storyboard in Resources */,
				130962F71F606E9D00E5670F /* Info.plist in Resources */,
				134A25C71F604D0600C244B7 /* Assets.xcassets in Resources */,
				139F4E181F6051F300E302B2 /* pokemon.csv in Resources */,
				1364FD5E1F606F990072B3A6 /* music.png in Resources */,
				1364FD5D1F606F990072B3A6 /* music.mp3 in Resources */,
				134A25C51F604D0600C244B7 /* Main.storyboard in Resources */,
			);
			runOnlyForDeploymentPostprocessing = 0;
		};
/* End PBXResourcesBuildPhase section */

/* Begin PBXSourcesBuildPhase section */
		134A25B81F604D0600C244B7 /* Sources */ = {
			isa = PBXSourcesBuildPhase;
			buildActionMask = 2147483647;
			files = (
				130962EC1F605F3900E5670F /* PokeCell.swift in Sources */,
				134A25C21F604D0600C244B7 /* ViewController.swift in Sources */,
				134A25C01F604D0600C244B7 /* AppDelegate.swift in Sources */,
				139F4E1D1F60534100E302B2 /* Pokemon.swift in Sources */,
				130962EE1F60671200E5670F /* csv.swift in Sources */,
			);
			runOnlyForDeploymentPostprocessing = 0;
		};
/* End PBXSourcesBuildPhase section */

/* Begin PBXVariantGroup section */
		134A25C31F604D0600C244B7 /* Main.storyboard */ = {
			isa = PBXVariantGroup;
			children = (
				134A25C41F604D0600C244B7 /* Base */,
			);
			name = Main.storyboard;
			sourceTree = "<group>";
		};
		134A25C81F604D0600C244B7 /* LaunchScreen.storyboard */ = {
			isa = PBXVariantGroup;
			children = (
				134A25C91F604D0600C244B7 /* Base */,
			);
			name = LaunchScreen.storyboard;
			sourceTree = "<group>";
		};
/* End PBXVariantGroup section */

/* Begin XCBuildConfiguration section */
		134A25CC1F604D0600C244B7 /* Debug */ = {
			isa = XCBuildConfiguration;
			buildSettings = {
				ALWAYS_SEARCH_USER_PATHS = NO;
				CLANG_ANALYZER_NONNULL = YES;
				CLANG_ANALYZER_NUMBER_OBJECT_CONVERSION = YES_AGGRESSIVE;
				CLANG_CXX_LANGUAGE_STANDARD = "gnu++0x";
				CLANG_CXX_LIBRARY = "libc++";
				CLANG_ENABLE_MODULES = YES;
				CLANG_ENABLE_OBJC_ARC = YES;
				CLANG_WARN_BOOL_CONVERSION = YES;
				CLANG_WARN_CONSTANT_CONVERSION = YES;
				CLANG_WARN_DIRECT_OBJC_ISA_USAGE = YES_ERROR;
				CLANG_WARN_DOCUMENTATION_COMMENTS = YES;
				CLANG_WARN_EMPTY_BODY = YES;
				CLANG_WARN_ENUM_CONVERSION = YES;
				CLANG_WARN_INFINITE_RECURSION = YES;
				CLANG_WARN_INT_CONVERSION = YES;
				CLANG_WARN_OBJC_ROOT_CLASS = YES_ERROR;
				CLANG_WARN_SUSPICIOUS_MOVE = YES;
				CLANG_WARN_UNREACHABLE_CODE = YES;
				CLANG_WARN__DUPLICATE_METHOD_MATCH = YES;
				"CODE_SIGN_IDENTITY[sdk=iphoneos*]" = "iPhone Developer";
				COPY_PHASE_STRIP = NO;
				DEBUG_INFORMATION_FORMAT = dwarf;
				ENABLE_STRICT_OBJC_MSGSEND = YES;
				ENABLE_TESTABILITY = YES;
				GCC_C_LANGUAGE_STANDARD = gnu99;
				GCC_DYNAMIC_NO_PIC = NO;
				GCC_NO_COMMON_BLOCKS = YES;
				GCC_OPTIMIZATION_LEVEL = 0;
				GCC_PREPROCESSOR_DEFINITIONS = (
					"DEBUG=1",
					"$(inherited)",
				);
				GCC_WARN_64_TO_32_BIT_CONVERSION = YES;
				GCC_WARN_ABOUT_RETURN_TYPE = YES_ERROR;
				GCC_WARN_UNDECLARED_SELECTOR = YES;
				GCC_WARN_UNINITIALIZED_AUTOS = YES_AGGRESSIVE;
				GCC_WARN_UNUSED_FUNCTION = YES;
				GCC_WARN_UNUSED_VARIABLE = YES;
				IPHONEOS_DEPLOYMENT_TARGET = 10.3;
				MTL_ENABLE_DEBUG_INFO = YES;
				ONLY_ACTIVE_ARCH = YES;
				SDKROOT = iphoneos;
				SWIFT_ACTIVE_COMPILATION_CONDITIONS = DEBUG;
				SWIFT_OPTIMIZATION_LEVEL = "-Onone";
				TARGETED_DEVICE_FAMILY = "1,2";
			};
			name = Debug;
		};
		134A25CD1F604D0600C244B7 /* Release */ = {
			isa = XCBuildConfiguration;
			buildSettings = {
				ALWAYS_SEARCH_USER_PATHS = NO;
				CLANG_ANALYZER_NONNULL = YES;
				CLANG_ANALYZER_NUMBER_OBJECT_CONVERSION = YES_AGGRESSIVE;
				CLANG_CXX_LANGUAGE_STANDARD = "gnu++0x";
				CLANG_CXX_LIBRARY = "libc++";
				CLANG_ENABLE_MODULES = YES;
				CLANG_ENABLE_OBJC_ARC = YES;
				CLANG_WARN_BOOL_CONVERSION = YES;
				CLANG_WARN_CONSTANT_CONVERSION = YES;
				CLANG_WARN_DIRECT_OBJC_ISA_USAGE = YES_ERROR;
				CLANG_WARN_DOCUMENTATION_COMMENTS = YES;
				CLANG_WARN_EMPTY_BODY = YES;
				CLANG_WARN_ENUM_CONVERSION = YES;
				CLANG_WARN_INFINITE_RECURSION = YES;
				CLANG_WARN_INT_CONVERSION = YES;
				CLANG_WARN_OBJC_ROOT_CLASS = YES_ERROR;
				CLANG_WARN_SUSPICIOUS_MOVE = YES;
				CLANG_WARN_UNREACHABLE_CODE = YES;
				CLANG_WARN__DUPLICATE_METHOD_MATCH = YES;
				"CODE_SIGN_IDENTITY[sdk=iphoneos*]" = "iPhone Developer";
				COPY_PHASE_STRIP = NO;
				DEBUG_INFORMATION_FORMAT = "dwarf-with-dsym";
				ENABLE_NS_ASSERTIONS = NO;
				ENABLE_STRICT_OBJC_MSGSEND = YES;
				GCC_C_LANGUAGE_STANDARD = gnu99;
				GCC_NO_COMMON_BLOCKS = YES;
				GCC_WARN_64_TO_32_BIT_CONVERSION = YES;
				GCC_WARN_ABOUT_RETURN_TYPE = YES_ERROR;
				GCC_WARN_UNDECLARED_SELECTOR = YES;
				GCC_WARN_UNINITIALIZED_AUTOS = YES_AGGRESSIVE;
				GCC_WARN_UNUSED_FUNCTION = YES;
				GCC_WARN_UNUSED_VARIABLE = YES;
				IPHONEOS_DEPLOYMENT_TARGET = 10.3;
				MTL_ENABLE_DEBUG_INFO = NO;
				SDKROOT = iphoneos;
				SWIFT_OPTIMIZATION_LEVEL = "-Owholemodule";
				TARGETED_DEVICE_FAMILY = "1,2";
				VALIDATE_PRODUCT = YES;
			};
			name = Release;
		};
		134A25CF1F604D0600C244B7 /* Debug */ = {
			isa = XCBuildConfiguration;
			buildSettings = {
				ASSETCATALOG_COMPILER_APPICON_NAME = AppIcon;
				DEVELOPMENT_TEAM = X7989Y4B8C;
				INFOPLIST_FILE = pokedex3/Info.plist;
				LD_RUNPATH_SEARCH_PATHS = "$(inherited) @executable_path/Frameworks";
				PRODUCT_BUNDLE_IDENTIFIER = raivis.olehno.pokedex3;
				PRODUCT_NAME = "$(TARGET_NAME)";
				SWIFT_VERSION = 3.0;
			};
			name = Debug;
		};
		134A25D01F604D0600C244B7 /* Release */ = {
			isa = XCBuildConfiguration;
			buildSettings = {
				ASSETCATALOG_COMPILER_APPICON_NAME = AppIcon;
				DEVELOPMENT_TEAM = X7989Y4B8C;
				INFOPLIST_FILE = pokedex3/Info.plist;
				LD_RUNPATH_SEARCH_PATHS = "$(inherited) @executable_path/Frameworks";
				PRODUCT_BUNDLE_IDENTIFIER = raivis.olehno.pokedex3;
				PRODUCT_NAME = "$(TARGET_NAME)";
				SWIFT_VERSION = 3.0;
			};
			name = Release;
		};
/* End XCBuildConfiguration section */

/* Begin XCConfigurationList section */
		134A25B71F604D0600C244B7 /* Build configuration list for PBXProject "pokedex3" */ = {
			isa = XCConfigurationList;
			buildConfigurations = (
				134A25CC1F604D0600C244B7 /* Debug */,
				134A25CD1F604D0600C244B7 /* Release */,
			);
			defaultConfigurationIsVisible = 0;
			defaultConfigurationName = Release;
		};
		134A25CE1F604D0600C244B7 /* Build configuration list for PBXNativeTarget "pokedex3" */ = {
			isa = XCConfigurationList;
			buildConfigurations = (
				134A25CF1F604D0600C244B7 /* Debug */,
				134A25D01F604D0600C244B7 /* Release */,
			);
			defaultConfigurationIsVisible = 0;
			defaultConfigurationName = Release;
		};
/* End XCConfigurationList section */
	};
	rootObject = 134A25B41F604D0600C244B7 /* Project object */;
}
